{
  "version": 4,
  "terraform_version": "1.3.4",
  "serial": 26,
  "lineage": "fc4b131b-5204-c574-e0e4-ca13a49320cf",
  "outputs": {
    "IPS": {
      "value": [
        []
      ],
      "type": [
        "tuple",
        [
          [
            "list",
            "string"
          ]
        ]
      ]
    }
  },
  "resources": [
    {
      "mode": "data",
      "type": "template_file",
      "name": "network_config",
      "provider": "provider[\"registry.terraform.io/hashicorp/template\"]",
      "instances": [
        {
          "schema_version": 0,
          "attributes": {
            "filename": null,
            "id": "f3e9be47940789d7ef1a1d340c2d27a96fff7b462d95ee611e1f7979a3e38f8c",
            "rendered": "version: 2\nethernets:\n  ens3 :\n     dhcp4: true\n\n\n",
            "template": "version: 2\nethernets:\n  ens3 :\n     dhcp4: true\n\n\n",
            "vars": null
          },
          "sensitive_attributes": []
        }
      ]
    },
    {
      "mode": "data",
      "type": "template_file",
      "name": "user_data",
      "provider": "provider[\"registry.terraform.io/hashicorp/template\"]",
      "instances": [
        {
          "schema_version": 0,
          "attributes": {
            "filename": null,
            "id": "7ef0e42b360d13909e5df1d46d673118ca20dfc4b364c71b4ea8405b1ba8e4e5",
            "rendered": "#cloud-config\nusers:\n  - name: ubuntu   \n    groups: users, admin\n    home: /home/ubuntu\n    shell: /bin/bash    \n    #hashed_passwd: \"6F01F0326BA6A4E52475ED8F74224201E3DA47436F96D1598EEA047793758AFF7CC82FB17D02D3F19794C9FF73F1EF1ABEA69EFD2987057D2217A76C280A8FC0\"\n    lock_passwd: false\n    ssh_authorized_keys:\n      - ssh-rsa AAAAB3NzaC1yc2EAAAADAQABAAABgQDCGdx1jiLLtL+MRDMxm5stHV0OQVxy+2GrOF7O9c3NBMqVH0h0/gEsHI+0oP3QhPOYliq5L0kG1hC0RbBr2oFkFisbtgB4BFE+UWZUunco4Zgqm9cTYoHAneS8MjyEW4qqbX0pYZjBpj2vhck/B7gDJZsIi3Vk6f6d9fm+u3YC4ZVjOg9J6j1zejWsphQfFIlFXAUjfRhpXuZRWcC9GboDs5wLc8JJNQoVJ2FZ3WD4quV33lzBE6/dYOys1hTE9FcWIILAllXEWVO1Fjy4wr8bbETemFTOqjZpYcno03YtKLKSTEKy7n0CgvtkfPdWnaAu8gG8Ni/pqM8kP6AvcJUSSAMw8KDV/F9VpFImi419FLz1ll4ygUUb1Z0fq/CV8V2muBtnB3xLOFpIfxUDyp4XdsUm4b4MZZGnXBUbc9iJGjkqrvZSGF7cJsN/s8IurziG3EMPnhueKBBUCkobtMY0C7jalWgjoNaCzRj3V+T8OxgAonCLOISKdCZIVJ+lzsE= ekarani@suporte-HP-Z230-Tower-Workstation\n    sudo: ALL=(ALL) NOPASSWD:ALL\nssh_pwauth: True\ndisable_root: false\nchpasswd:\n  list: |\n     ubuntu:senhasegura\n  expire: false\npackage_update: true\npackage_upgrade: true\npackages:\n    #- gemu-gues-agent\n    #- apt-transport-httpsvgf4\n    #- ca-certificates\n    #- curl \n    #- gnupg-agent\n    #- software-properties-common\n    #- zsh\n\ngrowpart:\n    mode: auto\n    devices: ['/']\n    ignore_growroot_disabled: false\nruncmd:\n    #- [sh, -c, '' ]\n    #- [sh, -c, 'sudo apt-key' fingerprint ]     \n    #- [ sh, -c, 'sudo apt -y update' ]\n    #- [ sh, -c, 'sudo apt install -y docker.io']\n    #- [ sh, -c, 'sudo apt install -y docker.compose']\n\nfinal_message: \"The system is finally up, after $UPTIME seconds\"\n",
            "template": "#cloud-config\nusers:\n  - name: ${VM_USER}   \n    groups: users, admin\n    home: /home/${VM_USER}\n    shell: /bin/bash    \n    #hashed_passwd: \"6F01F0326BA6A4E52475ED8F74224201E3DA47436F96D1598EEA047793758AFF7CC82FB17D02D3F19794C9FF73F1EF1ABEA69EFD2987057D2217A76C280A8FC0\"\n    lock_passwd: false\n    ssh_authorized_keys:\n      - ssh-rsa AAAAB3NzaC1yc2EAAAADAQABAAABgQDCGdx1jiLLtL+MRDMxm5stHV0OQVxy+2GrOF7O9c3NBMqVH0h0/gEsHI+0oP3QhPOYliq5L0kG1hC0RbBr2oFkFisbtgB4BFE+UWZUunco4Zgqm9cTYoHAneS8MjyEW4qqbX0pYZjBpj2vhck/B7gDJZsIi3Vk6f6d9fm+u3YC4ZVjOg9J6j1zejWsphQfFIlFXAUjfRhpXuZRWcC9GboDs5wLc8JJNQoVJ2FZ3WD4quV33lzBE6/dYOys1hTE9FcWIILAllXEWVO1Fjy4wr8bbETemFTOqjZpYcno03YtKLKSTEKy7n0CgvtkfPdWnaAu8gG8Ni/pqM8kP6AvcJUSSAMw8KDV/F9VpFImi419FLz1ll4ygUUb1Z0fq/CV8V2muBtnB3xLOFpIfxUDyp4XdsUm4b4MZZGnXBUbc9iJGjkqrvZSGF7cJsN/s8IurziG3EMPnhueKBBUCkobtMY0C7jalWgjoNaCzRj3V+T8OxgAonCLOISKdCZIVJ+lzsE= ekarani@suporte-HP-Z230-Tower-Workstation\n    sudo: ALL=(ALL) NOPASSWD:ALL\nssh_pwauth: True\ndisable_root: false\nchpasswd:\n  list: |\n     ${VM_USER}:senhasegura\n  expire: false\npackage_update: true\npackage_upgrade: true\npackages:\n    #- gemu-gues-agent\n    #- apt-transport-httpsvgf4\n    #- ca-certificates\n    #- curl \n    #- gnupg-agent\n    #- software-properties-common\n    #- zsh\n\ngrowpart:\n    mode: auto\n    devices: ['/']\n    ignore_growroot_disabled: false\nruncmd:\n    #- [sh, -c, '' ]\n    #- [sh, -c, 'sudo apt-key' fingerprint ]     \n    #- [ sh, -c, 'sudo apt -y update' ]\n    #- [ sh, -c, 'sudo apt install -y docker.io']\n    #- [ sh, -c, 'sudo apt install -y docker.compose']\n\nfinal_message: \"The system is finally up, after $UPTIME seconds\"\n",
            "vars": {
              "VM_USER": "ubuntu"
            }
          },
          "sensitive_attributes": []
        }
      ]
    },
    {
      "mode": "managed",
      "type": "libvirt_cloudinit_disk",
      "name": "cloudinit",
      "provider": "provider[\"registry.terraform.io/dmacvicar/libvirt\"]",
      "instances": [
        {
          "schema_version": 0,
          "attributes": {
            "id": "/images_kvm/terraform-provider-libvirt-pool-ubuntu/vm-test_cloudinit.iso;80685808-6b4b-4132-99dd-1ab5b2f10d84",
            "meta_data": "",
            "name": "vm-test_cloudinit.iso",
            "network_config": "version: 2\nethernets:\n  ens3 :\n     dhcp4: true\n\n\n",
            "pool": "vm-test_pool",
            "user_data": "#cloud-config\nusers:\n  - name: ubuntu   \n    groups: users, admin\n    home: /home/ubuntu\n    shell: /bin/bash    \n    #hashed_passwd: \"6F01F0326BA6A4E52475ED8F74224201E3DA47436F96D1598EEA047793758AFF7CC82FB17D02D3F19794C9FF73F1EF1ABEA69EFD2987057D2217A76C280A8FC0\"\n    lock_passwd: false\n    ssh_authorized_keys:\n      - ssh-rsa AAAAB3NzaC1yc2EAAAADAQABAAABgQDCGdx1jiLLtL+MRDMxm5stHV0OQVxy+2GrOF7O9c3NBMqVH0h0/gEsHI+0oP3QhPOYliq5L0kG1hC0RbBr2oFkFisbtgB4BFE+UWZUunco4Zgqm9cTYoHAneS8MjyEW4qqbX0pYZjBpj2vhck/B7gDJZsIi3Vk6f6d9fm+u3YC4ZVjOg9J6j1zejWsphQfFIlFXAUjfRhpXuZRWcC9GboDs5wLc8JJNQoVJ2FZ3WD4quV33lzBE6/dYOys1hTE9FcWIILAllXEWVO1Fjy4wr8bbETemFTOqjZpYcno03YtKLKSTEKy7n0CgvtkfPdWnaAu8gG8Ni/pqM8kP6AvcJUSSAMw8KDV/F9VpFImi419FLz1ll4ygUUb1Z0fq/CV8V2muBtnB3xLOFpIfxUDyp4XdsUm4b4MZZGnXBUbc9iJGjkqrvZSGF7cJsN/s8IurziG3EMPnhueKBBUCkobtMY0C7jalWgjoNaCzRj3V+T8OxgAonCLOISKdCZIVJ+lzsE= ekarani@suporte-HP-Z230-Tower-Workstation\n    sudo: ALL=(ALL) NOPASSWD:ALL\nssh_pwauth: True\ndisable_root: false\nchpasswd:\n  list: |\n     ubuntu:senhasegura\n  expire: false\npackage_update: true\npackage_upgrade: true\npackages:\n    #- gemu-gues-agent\n    #- apt-transport-httpsvgf4\n    #- ca-certificates\n    #- curl \n    #- gnupg-agent\n    #- software-properties-common\n    #- zsh\n\ngrowpart:\n    mode: auto\n    devices: ['/']\n    ignore_growroot_disabled: false\nruncmd:\n    #- [sh, -c, '' ]\n    #- [sh, -c, 'sudo apt-key' fingerprint ]     \n    #- [ sh, -c, 'sudo apt -y update' ]\n    #- [ sh, -c, 'sudo apt install -y docker.io']\n    #- [ sh, -c, 'sudo apt install -y docker.compose']\n\nfinal_message: \"The system is finally up, after $UPTIME seconds\"\n"
          },
          "sensitive_attributes": [],
          "private": "bnVsbA==",
          "dependencies": [
            "data.template_file.network_config",
            "data.template_file.user_data",
            "libvirt_pool.vm"
          ]
        }
      ]
    },
    {
      "mode": "managed",
      "type": "libvirt_domain",
      "name": "vm",
      "provider": "provider[\"registry.terraform.io/dmacvicar/libvirt\"]",
      "instances": [
        {
          "index_key": 0,
          "schema_version": 0,
          "attributes": {
            "arch": "x86_64",
            "autostart": true,
            "boot_device": [],
            "cloudinit": "/images_kvm/terraform-provider-libvirt-pool-ubuntu/vm-test_cloudinit.iso;80685808-6b4b-4132-99dd-1ab5b2f10d84",
            "cmdline": null,
            "console": [
              {
                "source_host": "127.0.0.1",
                "source_path": "",
                "source_service": "0",
                "target_port": "0",
                "target_type": "serial",
                "type": "pty"
              },
              {
                "source_host": "127.0.0.1",
                "source_path": "",
                "source_service": "0",
                "target_port": "1",
                "target_type": "virtio",
                "type": "pty"
              }
            ],
            "coreos_ignition": null,
            "cpu": [],
            "description": "",
            "disk": [
              {
                "block_device": "",
                "file": "",
                "scsi": false,
                "url": "",
                "volume_id": "/images_kvm/terraform-provider-libvirt-pool-ubuntu/vm-test-0_volume.qcow2",
                "wwn": ""
              }
            ],
            "emulator": "/usr/bin/qemu-system-x86_64",
            "filesystem": [],
            "firmware": "",
            "fw_cfg_name": "opt/com.coreos/config",
            "graphics": [
              {
                "autoport": true,
                "listen_address": "127.0.0.1",
                "listen_type": "address",
                "type": "spice",
                "websocket": 0
              }
            ],
            "id": "41be11b3-2df2-45dd-87bf-1a1cb0312eb9",
            "initrd": "",
            "kernel": "",
            "machine": "ubuntu",
            "memory": 1024,
            "metadata": null,
            "name": "vm-test-0-oytbpz",
            "network_interface": [
              {
                "addresses": [],
                "bridge": "",
                "hostname": "vm-test",
                "mac": "52:54:00:DE:B6:99",
                "macvtap": "",
                "network_id": "cf25fbbb-81ea-46e4-bdd0-2a4b661cb7d0",
                "network_name": "vm-test_network",
                "passthrough": "",
                "vepa": "",
                "wait_for_lease": false
              }
            ],
            "nvram": [],
            "qemu_agent": true,
            "running": true,
            "timeouts": null,
            "tpm": [],
            "vcpu": 1,
            "video": [],
            "xml": []
          },
          "sensitive_attributes": [],
          "private": "eyJlMmJmYjczMC1lY2FhLTExZTYtOGY4OC0zNDM2M2JjN2M0YzAiOnsiY3JlYXRlIjozMDAwMDAwMDAwMDB9fQ==",
          "dependencies": [
            "data.template_file.network_config",
            "data.template_file.user_data",
            "libvirt_cloudinit_disk.cloudinit",
            "libvirt_network.vm_public_network",
            "libvirt_pool.vm",
            "libvirt_volume.base_ubuntu_qcow2",
            "libvirt_volume.vm",
            "random_string.vm-name"
          ]
        }
      ]
    },
    {
      "mode": "managed",
      "type": "libvirt_network",
      "name": "vm_public_network",
      "provider": "provider[\"registry.terraform.io/dmacvicar/libvirt\"]",
      "instances": [
        {
          "schema_version": 0,
          "attributes": {
            "addresses": [
              "192.168.1.0/24"
            ],
            "autostart": null,
            "bridge": "virbr1",
            "dhcp": [
              {
                "enabled": true
              }
            ],
            "dns": [
              {
                "enabled": true,
                "forwarders": [],
                "hosts": [],
                "local_only": false,
                "srvs": []
              }
            ],
            "dnsmasq_options": [],
            "domain": "vm-test.local",
            "id": "cf25fbbb-81ea-46e4-bdd0-2a4b661cb7d0",
            "mode": "nat",
            "mtu": null,
            "name": "vm-test_network",
            "routes": [],
            "xml": []
          },
          "sensitive_attributes": [],
          "private": "bnVsbA=="
        }
      ]
    },
    {
      "mode": "managed",
      "type": "libvirt_pool",
      "name": "vm",
      "provider": "provider[\"registry.terraform.io/dmacvicar/libvirt\"]",
      "instances": [
        {
          "schema_version": 0,
          "attributes": {
            "allocation": 209694359552,
            "available": null,
            "capacity": 490652508160,
            "id": "bb0a99e3-2531-4f95-acfc-46948b25928f",
            "name": "vm-test_pool",
            "path": "/images_kvm/terraform-provider-libvirt-pool-ubuntu",
            "type": "dir",
            "xml": []
          },
          "sensitive_attributes": [],
          "private": "bnVsbA=="
        }
      ]
    },
    {
      "mode": "managed",
      "type": "libvirt_volume",
      "name": "base_ubuntu_qcow2",
      "provider": "provider[\"registry.terraform.io/dmacvicar/libvirt\"]",
      "instances": [
        {
          "schema_version": 0,
          "attributes": {
            "base_volume_id": null,
            "base_volume_name": null,
            "base_volume_pool": null,
            "format": "qcow2",
            "id": "/images_kvm/terraform-provider-libvirt-pool-ubuntu/vm-test-base_volume.qcow2",
            "name": "vm-test-base_volume.qcow2",
            "pool": "vm-test_pool",
            "size": 2361393152,
            "source": "https://cloud-images.ubuntu.com/focal/current/focal-server-cloudimg-amd64.img",
            "xml": []
          },
          "sensitive_attributes": [],
          "private": "bnVsbA==",
          "dependencies": [
            "libvirt_pool.vm"
          ]
        }
      ]
    },
    {
      "mode": "managed",
      "type": "libvirt_volume",
      "name": "vm",
      "provider": "provider[\"registry.terraform.io/dmacvicar/libvirt\"]",
      "instances": [
        {
          "index_key": 0,
          "schema_version": 0,
          "attributes": {
            "base_volume_id": "/images_kvm/terraform-provider-libvirt-pool-ubuntu/vm-test-base_volume.qcow2",
            "base_volume_name": null,
            "base_volume_pool": null,
            "format": "qcow2",
            "id": "/images_kvm/terraform-provider-libvirt-pool-ubuntu/vm-test-0_volume.qcow2",
            "name": "vm-test-0_volume.qcow2",
            "pool": "vm-test_pool",
            "size": 5368709120,
            "source": null,
            "xml": []
          },
          "sensitive_attributes": [],
          "private": "bnVsbA==",
          "dependencies": [
            "libvirt_pool.vm",
            "libvirt_volume.base_ubuntu_qcow2"
          ]
        }
      ]
    },
    {
      "mode": "managed",
      "type": "random_string",
      "name": "vm-name",
      "provider": "provider[\"registry.terraform.io/hashicorp/random\"]",
      "instances": [
        {
          "schema_version": 2,
          "attributes": {
            "id": "oytbpz",
            "keepers": null,
            "length": 6,
            "lower": true,
            "min_lower": 0,
            "min_numeric": 0,
            "min_special": 0,
            "min_upper": 0,
            "number": false,
            "numeric": false,
            "override_special": null,
            "result": "oytbpz",
            "special": false,
            "upper": false
          },
          "sensitive_attributes": []
        }
      ]
    }
  ],
  "check_results": null
}
