{
  "version": 4,
  "terraform_version": "1.3.4",
  "serial": 34,
  "lineage": "18287cca-58ba-11e9-634a-9c98a5a33167",
  "outputs": {},
  "resources": [
    {
      "mode": "data",
      "type": "template_file",
      "name": "network_config",
      "provider": "provider[\"registry.terraform.io/hashicorp/template\"]",
      "instances": [
        {
          "schema_version": 0,
          "attributes": {
            "filename": null,
            "id": "02d21d33db0fe2fda615c8a579cc26ed5bca5f0dd1f8e23872ae5b990bc587bd",
            "rendered": "version: 2\nethernets:\n  ens3:\n    dhcp4: true\n\n",
            "template": "version: 2\nethernets:\n  ens3:\n    dhcp4: true\n\n",
            "vars": null
          },
          "sensitive_attributes": []
        }
      ]
    },
    {
      "mode": "data",
      "type": "template_file",
      "name": "user_data",
      "provider": "provider[\"registry.terraform.io/hashicorp/template\"]",
      "instances": [
        {
          "schema_version": 0,
          "attributes": {
            "filename": null,
            "id": "3fbb43fefc23499876364d7edd4e126137cd29ee88772a56949cf8013f2c64ef",
            "rendered": "# cloud-config\n\nusers:\n  - name: ubuntu\n    passwd: \"senhasegura\"\n    sudo: ALL=(ALL) NOPASSWD:ALL\n    groups: users, admin\n    home: /home/ubuntu\n    shell: /bin/bash\n    ssh-authorized-keys:\n      - ssh-rsa AAAAB3NzaC1yc2EAAAADAQABAAABgQDCGdx1jiLLtL+MRDMxm5stHV0OQVxy+2GrOF7O9c3NBMqVH0h0/gEsHI+0oP3QhPOYliq5L0kG1hC0RbBr2oFkFisbtgB4BFE+UWZUunco4Zgqm9cTYoHAneS8MjyEW4qqbX0pYZjBpj2vhck/B7gDJZsIi3Vk6f6d9fm+u3YC4ZVjOg9J6j1zejWsphQfFIlFXAUjfRhpXuZRWcC9GboDs5wLc8JJNQoVJ2FZ3WD4quV33lzBE6/dYOys1hTE9FcWIILAllXEWVO1Fjy4wr8bbETemFTOqjZpYcno03YtKLKSTEKy7n0CgvtkfPdWnaAu8gG8Ni/pqM8kP6AvcJUSSAMw8KDV/F9VpFImi419FLz1ll4ygUUb1Z0fq/CV8V2muBtnB3xLOFpIfxUDyp4XdsUm4b4MZZGnXBUbc9iJGjkqrvZSGF7cJsN/s8IurziG3EMPnhueKBBUCkobtMY0C7jalWgjoNaCzRj3V+T8OxgAonCLOISKdCZIVJ+lzsE= ekarani@suporte-HP-Z230-Tower-Workstation\nssh_pwauth: True\ndisable_root: false\nchpasswd:\n  list: |\n    ubuntu:linux\n  expire: False\npackage_update: true\npackage_upgrade: tru\npackages:\n  - qemu-guest-agent\n  - apt-transport-https\n  - ca-certificates\n  - curl\n  - gnupg-agent\n  - software-properties-common\n  - zsh\ngrowpart:\n      \n",
            "template": "# cloud-config\n\nusers:\n  - name: ${VM_USER}\n    passwd: \"senhasegura\"\n    sudo: ALL=(ALL) NOPASSWD:ALL\n    groups: users, admin\n    home: /home/${VM_USER}\n    shell: /bin/bash\n    ssh-authorized-keys:\n      - ssh-rsa AAAAB3NzaC1yc2EAAAADAQABAAABgQDCGdx1jiLLtL+MRDMxm5stHV0OQVxy+2GrOF7O9c3NBMqVH0h0/gEsHI+0oP3QhPOYliq5L0kG1hC0RbBr2oFkFisbtgB4BFE+UWZUunco4Zgqm9cTYoHAneS8MjyEW4qqbX0pYZjBpj2vhck/B7gDJZsIi3Vk6f6d9fm+u3YC4ZVjOg9J6j1zejWsphQfFIlFXAUjfRhpXuZRWcC9GboDs5wLc8JJNQoVJ2FZ3WD4quV33lzBE6/dYOys1hTE9FcWIILAllXEWVO1Fjy4wr8bbETemFTOqjZpYcno03YtKLKSTEKy7n0CgvtkfPdWnaAu8gG8Ni/pqM8kP6AvcJUSSAMw8KDV/F9VpFImi419FLz1ll4ygUUb1Z0fq/CV8V2muBtnB3xLOFpIfxUDyp4XdsUm4b4MZZGnXBUbc9iJGjkqrvZSGF7cJsN/s8IurziG3EMPnhueKBBUCkobtMY0C7jalWgjoNaCzRj3V+T8OxgAonCLOISKdCZIVJ+lzsE= ekarani@suporte-HP-Z230-Tower-Workstation\nssh_pwauth: True\ndisable_root: false\nchpasswd:\n  list: |\n    ${VM_USER}:linux\n  expire: False\npackage_update: true\npackage_upgrade: tru\npackages:\n  - qemu-guest-agent\n  - apt-transport-https\n  - ca-certificates\n  - curl\n  - gnupg-agent\n  - software-properties-common\n  - zsh\ngrowpart:\n      \n",
            "vars": {
              "VM_USER": "ubuntu"
            }
          },
          "sensitive_attributes": []
        }
      ]
    },
    {
      "mode": "managed",
      "type": "libvirt_cloudinit_disk",
      "name": "cloudinit",
      "provider": "provider[\"registry.terraform.io/dmacvicar/libvirt\"]",
      "instances": [
        {
          "schema_version": 0,
          "attributes": {
            "id": "/tmp/terraform-provider-libvirt-pool-ubuntu/vm_cloudinit.iso;09facb25-3c38-415a-9439-5911ce0f3507",
            "meta_data": "",
            "name": "vm_cloudinit.iso",
            "network_config": "version: 2\nethernets:\n  ens3:\n    dhcp4: true\n\n",
            "pool": "vm_pool",
            "user_data": "# cloud-config\n\nusers:\n  - name: ubuntu\n    passwd: \"senhasegura\"\n    sudo: ALL=(ALL) NOPASSWD:ALL\n    groups: users, admin\n    home: /home/ubuntu\n    shell: /bin/bash\n    ssh-authorized-keys:\n      - ssh-rsa AAAAB3NzaC1yc2EAAAADAQABAAABgQDCGdx1jiLLtL+MRDMxm5stHV0OQVxy+2GrOF7O9c3NBMqVH0h0/gEsHI+0oP3QhPOYliq5L0kG1hC0RbBr2oFkFisbtgB4BFE+UWZUunco4Zgqm9cTYoHAneS8MjyEW4qqbX0pYZjBpj2vhck/B7gDJZsIi3Vk6f6d9fm+u3YC4ZVjOg9J6j1zejWsphQfFIlFXAUjfRhpXuZRWcC9GboDs5wLc8JJNQoVJ2FZ3WD4quV33lzBE6/dYOys1hTE9FcWIILAllXEWVO1Fjy4wr8bbETemFTOqjZpYcno03YtKLKSTEKy7n0CgvtkfPdWnaAu8gG8Ni/pqM8kP6AvcJUSSAMw8KDV/F9VpFImi419FLz1ll4ygUUb1Z0fq/CV8V2muBtnB3xLOFpIfxUDyp4XdsUm4b4MZZGnXBUbc9iJGjkqrvZSGF7cJsN/s8IurziG3EMPnhueKBBUCkobtMY0C7jalWgjoNaCzRj3V+T8OxgAonCLOISKdCZIVJ+lzsE= ekarani@suporte-HP-Z230-Tower-Workstation\nssh_pwauth: True\ndisable_root: false\nchpasswd:\n  list: |\n    ubuntu:linux\n  expire: False\npackage_update: true\npackage_upgrade: tru\npackages:\n  - qemu-guest-agent\n  - apt-transport-https\n  - ca-certificates\n  - curl\n  - gnupg-agent\n  - software-properties-common\n  - zsh\ngrowpart:\n      \n"
          },
          "sensitive_attributes": [],
          "private": "bnVsbA==",
          "dependencies": [
            "data.template_file.network_config",
            "data.template_file.user_data",
            "libvirt_pool.vm"
          ]
        }
      ]
    },
    {
      "mode": "managed",
      "type": "libvirt_domain",
      "name": "vm",
      "provider": "provider[\"registry.terraform.io/dmacvicar/libvirt\"]",
      "instances": [
        {
          "index_key": 0,
          "schema_version": 0,
          "attributes": {
            "arch": "x86_64",
            "autostart": null,
            "boot_device": [],
            "cloudinit": "/tmp/terraform-provider-libvirt-pool-ubuntu/vm_cloudinit.iso;09facb25-3c38-415a-9439-5911ce0f3507",
            "cmdline": null,
            "console": [
              {
                "source_host": "127.0.0.1",
                "source_path": "",
                "source_service": "0",
                "target_port": "0",
                "target_type": "serial",
                "type": "pty"
              },
              {
                "source_host": "127.0.0.1",
                "source_path": "",
                "source_service": "0",
                "target_port": "1",
                "target_type": "virtio",
                "type": "pty"
              }
            ],
            "coreos_ignition": null,
            "cpu": [],
            "description": "",
            "disk": [
              {
                "block_device": "",
                "file": "",
                "scsi": false,
                "url": "",
                "volume_id": "/tmp/terraform-provider-libvirt-pool-ubuntu/vm-0_volume.qcow2",
                "wwn": ""
              }
            ],
            "emulator": "/usr/bin/qemu-system-x86_64",
            "filesystem": [],
            "firmware": "",
            "fw_cfg_name": "opt/com.coreos/config",
            "graphics": [
              {
                "autoport": true,
                "listen_address": "127.0.0.1",
                "listen_type": "address",
                "type": "spice",
                "websocket": 0
              }
            ],
            "id": "c54a4d8e-ce4a-4414-a2b4-993947bf0797",
            "initrd": "",
            "kernel": "",
            "machine": "ubuntu",
            "memory": 1024,
            "metadata": null,
            "name": "vm-0",
            "network_interface": [
              {
                "addresses": [],
                "bridge": "",
                "hostname": "",
                "mac": "52:54:00:C2:63:56",
                "macvtap": "",
                "network_id": "7fb21ab9-ca71-4eef-aa26-ab09239c8395",
                "network_name": "vm_network",
                "passthrough": "",
                "vepa": "",
                "wait_for_lease": false
              }
            ],
            "nvram": [],
            "qemu_agent": false,
            "running": true,
            "timeouts": null,
            "tpm": [],
            "vcpu": 1,
            "video": [],
            "xml": []
          },
          "sensitive_attributes": [],
          "private": "eyJlMmJmYjczMC1lY2FhLTExZTYtOGY4OC0zNDM2M2JjN2M0YzAiOnsiY3JlYXRlIjozMDAwMDAwMDAwMDB9fQ==",
          "dependencies": [
            "data.template_file.network_config",
            "data.template_file.user_data",
            "libvirt_cloudinit_disk.cloudinit",
            "libvirt_network.vm_public_network",
            "libvirt_pool.vm",
            "libvirt_volume.vm"
          ]
        }
      ]
    },
    {
      "mode": "managed",
      "type": "libvirt_network",
      "name": "vm_public_network",
      "provider": "provider[\"registry.terraform.io/dmacvicar/libvirt\"]",
      "instances": [
        {
          "schema_version": 0,
          "attributes": {
            "addresses": [
              "10.10.10.0/24"
            ],
            "autostart": null,
            "bridge": "virbr1",
            "dhcp": [
              {
                "enabled": true
              }
            ],
            "dns": [
              {
                "enabled": true,
                "forwarders": [],
                "hosts": [],
                "local_only": false,
                "srvs": []
              }
            ],
            "dnsmasq_options": [],
            "domain": "vm.local",
            "id": "7fb21ab9-ca71-4eef-aa26-ab09239c8395",
            "mode": "nat",
            "mtu": null,
            "name": "vm_network",
            "routes": [],
            "xml": []
          },
          "sensitive_attributes": [],
          "private": "bnVsbA=="
        }
      ]
    },
    {
      "mode": "managed",
      "type": "libvirt_pool",
      "name": "vm",
      "provider": "provider[\"registry.terraform.io/dmacvicar/libvirt\"]",
      "instances": [
        {
          "schema_version": 0,
          "attributes": {
            "allocation": 209562624000,
            "available": null,
            "capacity": 490652508160,
            "id": "3ac10262-43f2-4fc1-9516-dd8ddd9ddcd9",
            "name": "vm_pool",
            "path": "/tmp/terraform-provider-libvirt-pool-ubuntu",
            "type": "dir",
            "xml": []
          },
          "sensitive_attributes": [],
          "private": "bnVsbA=="
        }
      ]
    },
    {
      "mode": "managed",
      "type": "libvirt_volume",
      "name": "vm",
      "provider": "provider[\"registry.terraform.io/dmacvicar/libvirt\"]",
      "instances": [
        {
          "index_key": 0,
          "schema_version": 0,
          "attributes": {
            "base_volume_id": null,
            "base_volume_name": null,
            "base_volume_pool": null,
            "format": "iso",
            "id": "/tmp/terraform-provider-libvirt-pool-ubuntu/vm-0_volume.qcow2",
            "name": "vm-0_volume.qcow2",
            "pool": "vm_pool",
            "size": 1474873344,
            "source": "https://releases.ubuntu.com/22.04.1/ubuntu-22.04.1-live-server-amd64.iso?_ga=2.219054288.874291698.1668433534-1060412402.1667931471",
            "xml": []
          },
          "sensitive_attributes": [],
          "private": "bnVsbA==",
          "dependencies": [
            "libvirt_pool.vm"
          ]
        }
      ]
    }
  ],
  "check_results": null
}
